
Microsoft Visual Studio Solution File, Format Version 12.00
# Visual Studio Version 17
VisualStudioVersion = 17.14.37216.2 d17.14
MinimumVisualStudioVersion = 10.0.40219.1
Project("{FAE04EC0-301F-11D3-BF4B-00C04F79EFBC}") = "Sudoku", "Sudoku\Sudoku.csproj", "{D0429702-8A5F-4911-865B-7C9C7D510B06}"
EndProject
Global
	GlobalSection(SolutionConfigurationPlatforms) = preSolution
		Debug|Any CPU = Debug|Any CPU
		Release|Any CPU = Release|Any CPU
	EndGlobalSection
	GlobalSection(ProjectConfigurationPlatforms) = postSolution
		{D0429702-8A5F-4911-865B-7C9C7D510B06}.Debug|Any CPU.ActiveCfg = Debug|Any CPU
		{D0429702-8A5F-4911-865B-7C9C7D510B06}.Debug|Any CPU.Build.0 = Debug|Any CPU
		{D0429702-8A5F-4911-865B-7C9C7D510B06}.Release|Any CPU.ActiveCfg = Release|Any CPU
		{D0429702-8A5F-4911-865B-7C9C7D510B06}.Release|Any CPU.Build.0 = Release|Any CPU
	EndGlobalSection
	GlobalSection(SolutionProperties) = preSolution
		HideSolutionNode = FALSE
	EndGlobalSection
	GlobalSection(ExtensibilityGlobals) = postSolution
		SolutionGuid = {A4015077-A22B-472A-8F6B-392470171765}
	EndGlobalSection
EndGlobal
